
Microsoft Visual Studio Solution File, Format Version 12.00
# Visual Studio Version 17
VisualStudioVersion = 17.9.34723.18
MinimumVisualStudioVersion = 10.0.40219.1
Project("{9A19103F-16F7-4668-BE54-9A1E7A4F7556}") = "csharp-example", "csharp-example.csproj", "{AE9934E5-4794-4ACC-86C1-9FAB4BDEE12F}"
EndProject
Global
	GlobalSection(SolutionConfigurationPlatforms) = preSolution
		Debug|Any CPU = Debug|Any CPU
		Release|Any CPU = Release|Any CPU
	EndGlobalSection
	GlobalSection(ProjectConfigurationPlatforms) = postSolution
		{AE9934E5-4794-4ACC-86C1-9FAB4BDEE12F}.Debug|Any CPU.ActiveCfg = Debug|Any CPU
		{AE9934E5-4794-4ACC-86C1-9FAB4BDEE12F}.Debug|Any CPU.Build.0 = Debug|Any CPU
		{AE9934E5-4794-4ACC-86C1-9FAB4BDEE12F}.Release|Any CPU.ActiveCfg = Release|Any CPU
		{AE9934E5-4794-4ACC-86C1-9FAB4BDEE12F}.Release|Any CPU.Build.0 = Release|Any CPU
	EndGlobalSection
	GlobalSection(SolutionProperties) = preSolution
		HideSolutionNode = FALSE
	EndGlobalSection
	GlobalSection(ExtensibilityGlobals) = postSolution
		SolutionGuid = {3200E4B0-2E05-4A36-8FDB-10AF2613AD67}
	EndGlobalSection
EndGlobal
